{
  "nodes": {
    "JimLiu-baoyu-skills": {
      "flake": false,
      "locked": {
        "lastModified": 1789053223,
        "narHash": "sha256-2eP9XGPsedktseC9+69+6vxvkuNO2YTshrLJDZM1C/U=",
        "owner": "JimLiu",
        "repo": "baoyu-skills",
        "rev": "1567581c26ec29f4216c6e6835415bf30343b0e3",
        "type": "github"
      },
      "original": {
        "owner": "JimLiu",
        "repo": "baoyu-skills",
        "type": "github"
      }
    },
    "JuliusBrussee-caveman": {
      "flake": false,
      "locked": {
        "lastModified": 1790038640,
        "narHash": "sha256-KFfU8LmNajKLZcOXOFisn4beTcg2YL+rpasr39UgSZE=",
        "owner": "JuliusBrussee",
        "repo": "caveman",
        "rev": "2fd153c67988e980fb0b2455c90832159a6a5a25",
        "type": "github"
      },
      "original": {
        "owner": "JuliusBrussee",
        "repo": "caveman",
        "type": "github"
      }
    },
    "Kotlin-kotlin-agent-skills": {
      "flake": false,
      "locked": {
        "lastModified": 1789136961,
        "narHash": "sha256-47N2hTI7OLYEW0c8qkP6ZYev9yRDg7w90WwmB5IEOyY=",
        "owner": "Kotlin",
        "repo": "kotlin-agent-skills",
        "rev": "c2f90697bf71966a117a13340d5fff787f004140",
        "type": "github"
      },
      "original": {
        "owner": "Kotlin",
        "repo": "kotlin-agent-skills",
        "type": "github"
      }
    },
    "Leonxlnx-taste-skill": {
      "flake": false,
      "locked": {
        "lastModified": 1790148375,
        "narHash": "sha256-xRuNGRauEbAfix94/OthJfIHo+cbU3O/9zhat4AYKKo=",
        "owner": "Leonxlnx",
        "repo": "taste-skill",
        "rev": "c184364c58658b2f131b4ae8bd3d206cabb3deee",
        "type": "github"
      },
      "original": {
        "owner": "Leonxlnx",
        "repo": "taste-skill",
        "type": "github"
      }
    },
    "NousResearch-hermes-agent": {
      "inputs": {
        "flake-parts": "flake-parts",
        "home-manager": "home-manager",
        "nixpkgs": "nixpkgs",
        "npm-lockfile-fix": "npm-lockfile-fix",
        "pyproject-build-systems": "pyproject-build-systems",
        "pyproject-nix": "pyproject-nix",
        "uv2nix": "uv2nix"
      },
      "locked": {
        "lastModified": 1790014232,
        "narHash": "sha256-0pfylDk73diMdpQH/YyRWpvon+w4YWBRS3uj8T67qHI=",
        "owner": "NousResearch",
        "repo": "hermes-agent",
        "rev": "d337b736aa1e8ebecfab043842d13e4a2d2f48a3",
        "type": "github"
      },
      "original": {
        "owner": "NousResearch",
        "ref": "v2026.9.21",
        "repo": "hermes-agent",
        "type": "github"
      }
    },
    "Xiangyu-CAS-xiaohongshu-ops-skill": {
      "flake": false,
      "locked": {
        "lastModified": 1773920435,
        "narHash": "sha256-/tceRIo/CSdLU/49bwORYM7pYUHNrkhCwM3mGh/KG6E=",
        "owner": "Xiangyu-CAS",
        "repo": "xiaohongshu-ops-skill",
        "rev": "5b0b80b7261396955de0494df18182f2401cabc4",
        "type": "github"
      },
      "original": {
        "owner": "Xiangyu-CAS",
        "repo": "xiaohongshu-ops-skill",
        "type": "github"
      }
    },
    "ZzzLc0405-photo-abstract-editorial": {
      "flake": false,
      "locked": {
        "lastModified": 1787110291,
        "narHash": "sha256-3H44COjmkp7evGRUtNMp3IuzoMxZM6+3TDPf2QvLnRo=",
        "owner": "ZzzLc0405",
        "repo": "photo-abstract-editorial",
        "rev": "49e55073d6d0330274d31f75d27f5dd6eb35fd6d",
        "type": "github"
      },
      "original": {
        "owner": "ZzzLc0405",
        "repo": "photo-abstract-editorial",
        "type": "github"
      }
    },
    "_1password-shell-plugins": {
      "inputs": {
        "nixpkgs": "nixpkgs_2",
        "systems": "systems"
      },
      "locked": {
        "lastModified": 1789674879,
        "narHash": "sha256-ahXMvwB8x1wXmQEzHtNBBYcSs8ntBfOEXmySgKjTPck=",
        "owner": "1Password",
        "repo": "shell-plugins",
        "rev": "b619bb51b8cbfd93e66c0b33fe39ac16df7cfb93",
        "type": "github"
      },
      "original": {
        "owner": "1Password",
        "repo": "shell-plugins",
        "type": "github"
      }
    },
    "abhigyanpatwari-gitnexus": {
      "flake": false,
      "locked": {
        "lastModified": 1790166442,
        "narHash": "sha256-nkNSDIdKIRL3sZKMGdX52aNrGNNWWLMQIVBCZ0fW4hY=",
        "owner": "abhigyanpatwari",
        "repo": "gitnexus",
        "rev": "c2ca132620ae935749fd243ee8a93dcccd870f02",
        "type": "github"
      },
      "original": {
        "owner": "abhigyanpatwari",
        "repo": "gitnexus",
        "type": "github"
      }
    },
    "android-skills": {
      "flake": false,
      "locked": {
        "lastModified": 1789728476,
        "narHash": "sha256-03Wk8/UCOPbRWmJiA+CM9HOes86/0ppsV1KShjE0sK8=",
        "owner": "android",
        "repo": "skills",
        "rev": "b1f707d90904129b5972b3cc6436b568583effe5",
        "type": "github"
      },
      "original": {
        "owner": "android",
        "repo": "skills",
        "type": "github"
      }
    },
    "anthropics-skills": {
      "flake": false,
      "locked": {
        "lastModified": 1789069448,
        "narHash": "sha256-tI4bTTBfI1ylltklGyiyA7pLoKXEWtrT6lrmwrpLbCw=",
        "owner": "anthropics",
        "repo": "skills",
        "rev": "34040c9c568585f6929bedeaad110ad08f079624",
        "type": "github"
      },
      "original": {
        "owner": "anthropics",
        "repo": "skills",
        "type": "github"
      }
    },
    "better-auth-skills": {
      "flake": false,
      "locked": {
        "lastModified": 1788222151,
        "narHash": "sha256-XOl+MXCLOs8EAP9nteIbOthsFrxcBuWG2MRpUr3PexM=",
        "owner": "better-auth",
        "repo": "skills",
        "rev": "20c9e88a5c007461a703f1c213572b073196113e",
        "type": "github"
      },
      "original": {
        "owner": "better-auth",
        "repo": "skills",
        "type": "github"
      }
    },
    "binarywang-WxJava": {
      "flake": false,
      "locked": {
        "lastModified": 1789831277,
        "narHash": "sha256-tmNHqB/5uCHy2KTsihcSpczekAC0HHpoViCFkDdJBpY=",
        "owner": "binarywang",
        "repo": "WxJava",
        "rev": "db880bb0da4c74d22ed568aacdf110c56fc836ca",
        "type": "github"
      },
      "original": {
        "owner": "binarywang",
        "ref": "develop",
        "repo": "WxJava",
        "type": "github"
      }
    },
    "bun2nix": {
      "inputs": {
        "flake-parts": [
          "llm-agents",
          "flake-parts"
        ],
        "nixpkgs": [
          "llm-agents",
          "nixpkgs"
        ],
        "systems": [
          "llm-agents",
          "systems"
        ],
        "treefmt-nix": [
          "llm-agents",
          "treefmt-nix"
        ]
      },
      "locked": {
        "lastModified": 1790001035,
        "narHash": "sha256-1/SLBjSYBzDdDhvLQ83wrzBakyS/xNGgtxHGNuveOEQ=",
        "owner": "Mic92",
        "repo": "bun2nix",
        "rev": "07a5bfc8ac36c5370199343fa620b69f63186e33",
        "type": "github"
      },
      "original": {
        "owner": "Mic92",
        "ref": "llm-agents",
        "repo": "bun2nix",
        "type": "github"
      }
    },
    "caelestia-cli": {
      "inputs": {
        "caelestia-shell": [
          "caelestia-shell"
        ],
        "nixpkgs": [
          "caelestia-shell",
          "nixpkgs"
        ]
      },
      "locked": {
        "lastModified": 1789791029,
        "narHash": "sha256-Zdq+9O6+vyefqCusS9gGHaaFqbR6cRNcZJ1c/OkHaic=",
        "owner": "caelestia-dots",
        "repo": "cli",
        "rev": "0cd3a819638846623d4c923fd7a5f5fc5972a7d0",
        "type": "github"
      },
      "original": {
        "owner": "caelestia-dots",
        "repo": "cli",
        "type": "github"
      }
    },
    "caelestia-dots-caelestia": {
      "flake": false,
      "locked": {
        "lastModified": 1790078748,
        "narHash": "sha256-ZvI53bpo0tIrciKaZ4XCxk9zlfTaM5/Bu+PHPNW6E2Y=",
        "owner": "caelestia-dots",
        "repo": "caelestia",
        "rev": "d459e9182ae55ba7eb29fa90781297224911d6bd",
        "type": "github"
      },
      "original": {
        "owner": "caelestia-dots",
        "repo": "caelestia",
        "type": "github"
      }
    },
    "caelestia-shell": {
      "inputs": {
        "caelestia-cli": "caelestia-cli",
        "m3shapes": "m3shapes",
        "nixpkgs": [
          "nixpkgs"
        ],
        "quickshell": "quickshell"
      },
      "locked": {
        "lastModified": 1789883688,
        "narHash": "sha256-aqL6V2OAnojfKZA3710jROb1eqbrXpMzDFOqhYFemlQ=",
        "owner": "caelestia-dots",
        "repo": "shell",
        "rev": "20e625d6bf1a9d0bb7625a4bb814797d187b075d",
        "type": "github"
      },
      "original": {
        "owner": "caelestia-dots",
        "repo": "shell",
        "type": "github"
      }
    },
    "cathrynlavery-diagram-design": {
      "flake": false,
      "locked": {
        "lastModified": 1789840072,
        "narHash": "sha256-N2vqESKyX4NLRn/beHpyPJaCyL49uHjroaekDT/niZg=",
        "owner": "cathrynlavery",
        "repo": "diagram-design",
        "rev": "dc1ace47b99a419e42d01a03cb6ace5346efa8ae",
        "type": "github"
      },
      "original": {
        "owner": "cathrynlavery",
        "repo": "diagram-design",
        "type": "github"
      }
    },
    "coreyhaines31-marketingskills": {
      "flake": false,
      "locked": {
        "lastModified": 1788583682,
        "narHash": "sha256-x2dcZrwUMaGK4wHNQtE2TvPH5mBR474mW0Y5fQb19dw=",
        "owner": "coreyhaines31",
        "repo": "marketingskills",
        "rev": "5b2c0007766c6a1cf1d53fd8fc73e979e0821022",
        "type": "github"
      },
      "original": {
        "owner": "coreyhaines31",
        "repo": "marketingskills",
        "type": "github"
      }
    },
    "dank-qml-common": {
      "flake": false,
      "locked": {
        "lastModified": 1790181975,
        "narHash": "sha256-VV0uD2hgfRrhZxKXKnyPExKA8958NcGkm2g6rJiG41A=",
        "owner": "AvengeMedia",
        "repo": "dank-qml-common",
        "rev": "972ca552d9062034be1c73fe3d5546797a575100",
        "type": "github"
      },
      "original": {
        "owner": "AvengeMedia",
        "repo": "dank-qml-common",
        "type": "github"
      }
    },
    "dankMaterialShell": {
      "inputs": {
        "dank-qml-common": "dank-qml-common",
        "flake-compat": "flake-compat",
        "nixpkgs": [
          "nixpkgs"
        ]
      },
      "locked": {
        "lastModified": 1790182774,
        "narHash": "sha256-Rfu2TjskpzoqKK1s/U9G2s7uKwVKhbhjv5SywrGLCmU=",
        "owner": "AvengeMedia",
        "repo": "DankMaterialShell",
        "rev": "7e8c556ab6f422c893aa9dc8bebe10f02382a79a",
        "type": "github"
      },
      "original": {
        "owner": "AvengeMedia",
        "repo": "DankMaterialShell",
        "type": "github"
      }
    },
    "emilkowalski-skills": {
      "flake": false,
      "locked": {
        "lastModified": 1789487530,
        "narHash": "sha256-/t+rEm8Qk+mQW4jpUpI78s+WXlb8e77lZipRtHtX398=",
        "owner": "emilkowalski",
        "repo": "skills",
        "rev": "85e8e2363b713506e1d5b6e07a0eb2da66be1bc3",
        "type": "github"
      },
      "original": {
        "owner": "emilkowalski",
        "repo": "skills",
        "type": "github"
      }
    },
    "expo-skills": {
      "flake": false,
      "locked": {
        "lastModified": 1790081749,
        "narHash": "sha256-INYSO0in5UYtemYwHSQ4ateQQAu9i+zq4zIWz8Q42ec=",
        "owner": "expo",
        "repo": "skills",
        "rev": "cd752143d19e5a9aa71b4aaaf1cfc59226c77d6a",
        "type": "github"
      },
      "original": {
        "owner": "expo",
        "repo": "skills",
        "type": "github"
      }
    },
    "figma-mcp-server-guide": {
      "flake": false,
      "locked": {
        "lastModified": 1790072656,
        "narHash": "sha256-Ri3XjKiECFjZiCrEF5zCAjfDoSB4j9k2AuJtM1UQKes=",
        "owner": "figma",
        "repo": "mcp-server-guide",
        "rev": "172920731eedf414e9b22ae60017d9a5b6c9f81f",
        "type": "github"
      },
      "original": {
        "owner": "figma",
        "repo": "mcp-server-guide",
        "type": "github"
      }
    },
    "flake-compat": {
      "flake": false,
      "locked": {
        "lastModified": 1767039857,
        "narHash": "sha256-vNpUSpF5Nuw8xvDLj2KCwwksIbjua2LZCqhV1LNRDns=",
        "owner": "NixOS",
        "repo": "flake-compat",
        "rev": "5edf11c44bc78a0d334f6334cdaf7d60d732daab",
        "type": "github"
      },
      "original": {
        "owner": "NixOS",
        "repo": "flake-compat",
        "type": "github"
      }
    },
    "flake-parts": {
      "inputs": {
        "nixpkgs-lib": [
          "NousResearch-hermes-agent",
          "nixpkgs"
        ]
      },
      "locked": {
        "lastModified": 1782949081,
        "narHash": "sha256-vp6Y/Grm98ESt6ceOkWiHWyZRDV3J1RID4w+6NWK9yA=",
        "owner": "hercules-ci",
        "repo": "flake-parts",
        "rev": "17c9d6cdfc60c64f4ee8d306f9bc0b4ccb51481e",
        "type": "github"
      },
      "original": {
        "owner": "hercules-ci",
        "repo": "flake-parts",
        "type": "github"
      }
    },
    "flake-parts_2": {
      "inputs": {
        "nixpkgs-lib": [
          "llm-agents",
          "nixpkgs"
        ]
      },
      "locked": {
        "lastModified": 1788450739,
        "narHash": "sha256-glZLQlzIn1fXH6PazR2iUmTo7kzzyYSshrWhLS9TqCU=",
        "owner": "hercules-ci",
        "repo": "flake-parts",
        "rev": "31729ca8cbdb4fa927b34e5f4353e6a83f39e993",
        "type": "github"
      },
      "original": {
        "owner": "hercules-ci",
        "repo": "flake-parts",
        "type": "github"
      }
    },
    "flake-parts_3": {
      "inputs": {
        "nixpkgs-lib": [
          "nixvim",
          "nixpkgs"
        ]
      },
      "locked": {
        "lastModified": 1788450739,
        "narHash": "sha256-glZLQlzIn1fXH6PazR2iUmTo7kzzyYSshrWhLS9TqCU=",
        "owner": "hercules-ci",
        "repo": "flake-parts",
        "rev": "31729ca8cbdb4fa927b34e5f4353e6a83f39e993",
        "type": "github"
      },
      "original": {
        "owner": "hercules-ci",
        "repo": "flake-parts",
        "type": "github"
      }
    },
    "gamedev-skills-awesome-gamedev-agent-skills": {
      "flake": false,
      "locked": {
        "lastModified": 1789047363,
        "narHash": "sha256-3LLFuoPtsqZbWSM3MLcoUzFEdOZP2apnzH0NIIL64rU=",
        "owner": "gamedev-skills",
        "repo": "awesome-gamedev-agent-skills",
        "rev": "b105e1cf617adf0b68ed98790a716bbb60993179",
        "type": "github"
      },
      "original": {
        "owner": "gamedev-skills",
        "repo": "awesome-gamedev-agent-skills",
        "type": "github"
      }
    },
    "github-awesome-copilot": {
      "flake": false,
      "locked": {
        "lastModified": 1790133988,
        "narHash": "sha256-jRtV1KEnkdQbvc+CM0WgFmWzb+ceWRyBHEfh1+pZG8k=",
        "owner": "github",
        "repo": "awesome-copilot",
        "rev": "d7e4ad98ed8fd72e4744ee604e6277eb36748fe2",
        "type": "github"
      },
      "original": {
        "owner": "github",
        "repo": "awesome-copilot",
        "type": "github"
      }
    },
    "home-manager": {
      "inputs": {
        "nixpkgs": [
          "NousResearch-hermes-agent",
          "nixpkgs"
        ]
      },
      "locked": {
        "lastModified": 1786487128,
        "narHash": "sha256-ad60hrRVhH/bo3Jl1YLzO+QcS3mUNZr9LNJdzhMO2P4=",
        "owner": "nix-community",
        "repo": "home-manager",
        "rev": "f404edbfa4117810c96b97048299242fc50e5362",
        "type": "github"
      },
      "original": {
        "owner": "nix-community",
        "repo": "home-manager",
        "type": "github"
      }
    },
    "home-manager_2": {
      "inputs": {
        "nixpkgs": [
          "nixpkgs"
        ]
      },
      "locked": {
        "lastModified": 1790128814,
        "narHash": "sha256-6Gm9q+wW3E4Ey4F6wEbJAwaMsEK6hvCYfTW7yY64ZfA=",
        "owner": "nix-community",
        "repo": "home-manager",
        "rev": "0b2f1129177f70c5f0f5d88bb53c49ca47d0bfc0",
        "type": "github"
      },
      "original": {
        "owner": "nix-community",
        "repo": "home-manager",
        "type": "github"
      }
    },
    "home-manager_3": {
      "inputs": {
        "nixpkgs": [
          "zen-browser",
          "nixpkgs"
        ]
      },
      "locked": {
        "lastModified": 1789430117,
        "narHash": "sha256-t+U1mijItLJ64xZOifpfQ17kpAL73nU7pDI48ScacVc=",
        "owner": "nix-community",
        "repo": "home-manager",
        "rev": "cda90fd8838825c689fde9d3f3b4e937937790df",
        "type": "github"
      },
      "original": {
        "owner": "nix-community",
        "repo": "home-manager",
        "type": "github"
      }
    },
    "iDvel-rime-ice": {
      "flake": false,
      "locked": {
        "lastModified": 1789830802,
        "narHash": "sha256-8qWW1n6wbWJOPf0XE+0BTj4fgZRH1gwIyPtWrJsXcB8=",
        "owner": "iDvel",
        "repo": "rime-ice",
        "rev": "9e66b0729083b37d217312294f6d516c8d7234be",
        "type": "github"
      },
      "original": {
        "owner": "iDvel",
        "repo": "rime-ice",
        "type": "github"
      }
    },
    "iOfficeAI-OfficeCLI": {
      "flake": false,
      "locked": {
        "lastModified": 1790021934,
        "narHash": "sha256-p+jwcgtRQJKSVWPxBO8F92xIAlLlDZxZ4fLwzJiZwZU=",
        "owner": "iOfficeAI",
        "repo": "OfficeCLI",
        "rev": "ffa8a0afbe2e9686abd636368e3da38c50f22131",
        "type": "github"
      },
      "original": {
        "owner": "iOfficeAI",
        "repo": "OfficeCLI",
        "type": "github"
      }
    },
    "jetify-com-devbox": {
      "flake": false,
      "locked": {
        "lastModified": 1789579360,
        "narHash": "sha256-mGG5gXXTeJ3eiC36T70Yq190Y8/ve8/tJvWUPLm1jD4=",
        "owner": "jetify-com",
        "repo": "devbox",
        "rev": "9704c95c3294c24d259388777cf5059cb37f56bd",
        "type": "github"
      },
      "original": {
        "owner": "jetify-com",
        "repo": "devbox",
        "type": "github"
      }
    },
    "kadajett-agent-nestjs-skills": {
      "flake": false,
      "locked": {
        "lastModified": 1784774151,
        "narHash": "sha256-/Fgtuu0fYDjLRXV3SOYIY9VMe7CfdW3moIBWcbyBorQ=",
        "owner": "kadajett",
        "repo": "agent-nestjs-skills",
        "rev": "3986e0cede33958e000f959031cbee0cd83c2941",
        "type": "github"
      },
      "original": {
        "owner": "kadajett",
        "repo": "agent-nestjs-skills",
        "type": "github"
      }
    },
    "kepano-obsidian-skills": {
      "flake": false,
      "locked": {
        "lastModified": 1789483437,
        "narHash": "sha256-kyH07EVmwIEC/q6i91Kz8mPE78j9ITga2NZUpU1+nHU=",
        "owner": "kepano",
        "repo": "obsidian-skills",
        "rev": "3ccff5338ea700537839b21900aa5358a0402c98",
        "type": "github"
      },
      "original": {
        "owner": "kepano",
        "repo": "obsidian-skills",
        "type": "github"
      }
    },
    "liqiha0-lifeos-skills": {
      "flake": false,
      "locked": {
        "lastModified": 1789847164,
        "narHash": "sha256-v05z+M7RqViWcvqll+iFJoiEbWlScFl1Gbsh1tJoyLE=",
        "owner": "liqiha0",
        "repo": "lifeos-skills",
        "rev": "863dfb483f5ac3723468dba597bac02accfef774",
        "type": "github"
      },
      "original": {
        "owner": "liqiha0",
        "repo": "lifeos-skills",
        "type": "github"
      }
    },
    "llm-agents": {
      "inputs": {
        "bun2nix": "bun2nix",
        "flake-parts": "flake-parts_2",
        "nixpkgs": "nixpkgs_3",
        "systems": "systems_2",
        "treefmt-nix": "treefmt-nix"
      },
      "locked": {
        "lastModified": 1790156955,
        "narHash": "sha256-fX01id/iJpSbHzVDYgrQHy1vr7OsqCZrNAwfYsestLQ=",
        "owner": "numtide",
        "repo": "llm-agents.nix",
        "rev": "06830d044f23ec9bc55cec62771122d2941c634d",
        "type": "github"
      },
      "original": {
        "owner": "numtide",
        "repo": "llm-agents.nix",
        "type": "github"
      }
    },
    "m3shapes": {
      "inputs": {
        "nixpkgs": [
          "caelestia-shell",
          "nixpkgs"
        ]
      },
      "locked": {
        "lastModified": 1787906858,
        "narHash": "sha256-YZelgEZflFNwGutX4/tIzBdbOeghJgE2oDw0uWYGxns=",
        "owner": "soramanew",
        "repo": "m3shapes",
        "rev": "32ad9ce328bb77ed349b40a3be10ee9ea610b8ab",
        "type": "github"
      },
      "original": {
        "owner": "soramanew",
        "repo": "m3shapes",
        "rev": "32ad9ce328bb77ed349b40a3be10ee9ea610b8ab",
        "type": "github"
      }
    },
    "mattpocock-skills": {
      "flake": false,
      "locked": {
        "lastModified": 1789726349,
        "narHash": "sha256-L3CpIT2DeI+fUFl9fcygojtQo2DzEen69rMD1XqR1vM=",
        "owner": "mattpocock",
        "repo": "skills",
        "rev": "c55ee46073ed923f86ce59a5eb3b6d895095d1b7",
        "type": "github"
      },
      "original": {
        "owner": "mattpocock",
        "repo": "skills",
        "type": "github"
      }
    },
    "nextlevelbuilder-ui-ux-pro-max-skill": {
      "flake": false,
      "locked": {
        "lastModified": 1789995669,
        "narHash": "sha256-yg4O0KIAMOBh3pceig7FVTkxpwnV7DaN2A3a5lqAJns=",
        "owner": "nextlevelbuilder",
        "repo": "ui-ux-pro-max-skill",
        "rev": "dcc40ff5133ef78276117db0cc34e7b83cc8aeba",
        "type": "github"
      },
      "original": {
        "owner": "nextlevelbuilder",
        "repo": "ui-ux-pro-max-skill",
        "type": "github"
      }
    },
    "nixpkgs": {
      "locked": {
        "lastModified": 1785318670,
        "narHash": "sha256-dN6Ou5x/+23FZLEpYP3IffO+NyJFzUlGumt1uu3MMaY=",
        "owner": "NixOS",
        "repo": "nixpkgs",
        "rev": "0954f7ee2f6bb3dc7d4e3d0d8bcb8fd4bde4cfc5",
        "type": "github"
      },
      "original": {
        "owner": "NixOS",
        "ref": "nixos-unstable",
        "repo": "nixpkgs",
        "type": "github"
      }
    },
    "nixpkgs_2": {
      "locked": {
        "lastModified": 1781607440,
        "narHash": "sha256-rxO+uc/KFbSJp+pgyXRuAX6QlG9hJdnt0BXpEQRXY+U=",
        "owner": "NixOS",
        "repo": "nixpkgs",
        "rev": "3e41b24abd260e8f71dbe2f5737d24122f972158",
        "type": "github"
      },
      "original": {
        "owner": "NixOS",
        "ref": "nixpkgs-unstable",
        "repo": "nixpkgs",
        "type": "github"
      }
    },
    "nixpkgs_3": {
      "locked": {
        "lastModified": 1790055231,
        "narHash": "sha256-QpXotokGh5eeMG1Njiuh27oP0rK6t5+cMp7ymXSs7mc=",
        "owner": "NixOS",
        "repo": "nixpkgs",
        "rev": "b6c98e9e6633ee64753b594ff4a5febf0367fc00",
        "type": "github"
      },
      "original": {
        "owner": "NixOS",
        "ref": "nixpkgs-unstable",
        "repo": "nixpkgs",
        "type": "github"
      }
    },
    "nixpkgs_4": {
      "locked": {
        "lastModified": 1790149054,
        "narHash": "sha256-FfjXg6mAzKQBCY+7V9keGWOXG4DV2Eym/qA987lFl8A=",
        "owner": "nixos",
        "repo": "nixpkgs",
        "rev": "8825bebf6324e0579d012936eff73379af284b6d",
        "type": "github"
      },
      "original": {
        "owner": "nixos",
        "ref": "nixpkgs-unstable",
        "repo": "nixpkgs",
        "type": "github"
      }
    },
    "nixpkgs_5": {
      "locked": {
        "lastModified": 1789724158,
        "narHash": "sha256-nlKgrm0dsVhOSopKheVBCcOpiIticufPPVLdVOI0euA=",
        "owner": "NixOS",
        "repo": "nixpkgs",
        "rev": "0a3468a402c449992505b6a9fc5b06580141b750",
        "type": "github"
      },
      "original": {
        "owner": "NixOS",
        "ref": "nixpkgs-unstable",
        "repo": "nixpkgs",
        "type": "github"
      }
    },
    "nixpkgs_6": {
      "locked": {
        "lastModified": 1779911860,
        "narHash": "sha256-ubcLAcKBDCZjhxw/kH5DL5GdBZQdzLqpkTe7HonvJVs=",
        "owner": "NixOS",
        "repo": "nixpkgs",
        "rev": "c0a89c379b4ac67c7b13b051ddbd4e0dbc9b0eaf",
        "type": "github"
      },
      "original": {
        "owner": "NixOS",
        "ref": "nixos-unstable",
        "repo": "nixpkgs",
        "type": "github"
      }
    },
    "nixvim": {
      "inputs": {
        "flake-parts": "flake-parts_3",
        "nixpkgs": "nixpkgs_5",
        "systems": "systems_3"
      },
      "locked": {
        "lastModified": 1789961561,
        "narHash": "sha256-2lRgE8XsmXIVmiujmHVaCy5TrBUSblILNT5vYOj/Ed0=",
        "owner": "nix-community",
        "repo": "nixvim",
        "rev": "bcb5f577a36565bda07d7b81346b73cad8618d16",
        "type": "github"
      },
      "original": {
        "owner": "nix-community",
        "repo": "nixvim",
        "type": "github"
      }
    },
    "noctalia": {
      "inputs": {
        "nixpkgs": [
          "nixpkgs"
        ]
      },
      "locked": {
        "lastModified": 1790104132,
        "narHash": "sha256-yvcudrhnWvWSFS2ujWxAJ7CVdgdiZs2BDGbgn38p1l0=",
        "owner": "noctalia-dev",
        "repo": "noctalia",
        "rev": "61aa22730c434500fd3f2048eba47658b1f20aad",
        "type": "github"
      },
      "original": {
        "owner": "noctalia-dev",
        "repo": "noctalia",
        "type": "github"
      }
    },
    "npm-lockfile-fix": {
      "inputs": {
        "nixpkgs": [
          "NousResearch-hermes-agent",
          "nixpkgs"
        ]
      },
      "locked": {
        "lastModified": 1775903712,
        "narHash": "sha256-2GV79U6iVH4gKAPWYrxUReB0S41ty/Y3dBLquU8AlaA=",
        "owner": "jeslie0",
        "repo": "npm-lockfile-fix",
        "rev": "c6093acb0c0548e0f9b8b3d82918823721930fe8",
        "type": "github"
      },
      "original": {
        "owner": "jeslie0",
        "repo": "npm-lockfile-fix",
        "type": "github"
      }
    },
    "ogulcancelik-herdr": {
      "inputs": {
        "nixpkgs": "nixpkgs_6",
        "rust-overlay": "rust-overlay"
      },
      "locked": {
        "lastModified": 1790174696,
        "narHash": "sha256-7/p1QeUBKNt/sgqpjUl59jP+sF9l7q1DvW4/sEzAnIs=",
        "owner": "ogulcancelik",
        "repo": "herdr",
        "rev": "c958833fa81333bf07a255f7d1325e6892daca1e",
        "type": "github"
      },
      "original": {
        "owner": "ogulcancelik",
        "repo": "herdr",
        "type": "github"
      }
    },
    "openai-skills": {
      "flake": false,
      "locked": {
        "lastModified": 1782268572,
        "narHash": "sha256-t4oGnFg0YpxJaQiFpgTiwYhaFoZK6wPDiqvHoG0bXiU=",
        "owner": "openai",
        "repo": "skills",
        "rev": "49f948faa9258a0c61caceaf225e179651397431",
        "type": "github"
      },
      "original": {
        "owner": "openai",
        "repo": "skills",
        "type": "github"
      }
    },
    "openclaw-acpx": {
      "flake": false,
      "locked": {
        "lastModified": 1790176425,
        "narHash": "sha256-SxShNPNCaxm76ZtSMQLS2HTan10L7aURJK16TxPJL0I=",
        "owner": "openclaw",
        "repo": "acpx",
        "rev": "67633d9cd343759cb2cacf0a91e03b3c4971ac02",
        "type": "github"
      },
      "original": {
        "owner": "openclaw",
        "repo": "acpx",
        "type": "github"
      }
    },
    "openclaw-openclaw": {
      "flake": false,
      "locked": {
        "lastModified": 1790184244,
        "narHash": "sha256-i0qPNgIa887700cOmGOXf0zVExlC3+bhZvvPkldu8vk=",
        "owner": "openclaw",
        "repo": "openclaw",
        "rev": "3bbaf039b5ae920554fbd51b3398faaae16ac70b",
        "type": "github"
      },
      "original": {
        "owner": "openclaw",
        "repo": "openclaw",
        "type": "github"
      }
    },
    "pbakaus-impeccable": {
      "flake": false,
      "locked": {
        "lastModified": 1790099345,
        "narHash": "sha256-0sWMRDsXwr2CzZUyWn3Ff+vtpSw/hnj7cWTuQlthK8M=",
        "owner": "pbakaus",
        "repo": "impeccable",
        "rev": "e0881d2de397d5e9761d7b35ff5017d8f5ebf69b",
        "type": "github"
      },
      "original": {
        "owner": "pbakaus",
        "repo": "impeccable",
        "type": "github"
      }
    },
    "prisma-skills": {
      "flake": false,
      "locked": {
        "lastModified": 1788879386,
        "narHash": "sha256-YdcSl1L6PwJU+sP23ahUMVfkV00rGFhLjNp9DJRJjYk=",
        "owner": "prisma",
        "repo": "skills",
        "rev": "1123817e60d15ca0f3af91878923241dee7e3b09",
        "type": "github"
      },
      "original": {
        "owner": "prisma",
        "repo": "skills",
        "type": "github"
      }
    },
    "pyproject-build-systems": {
      "inputs": {
        "nixpkgs": [
          "NousResearch-hermes-agent",
          "nixpkgs"
        ],
        "pyproject-nix": [
          "NousResearch-hermes-agent",
          "pyproject-nix"
        ],
        "uv2nix": [
          "NousResearch-hermes-agent",
          "uv2nix"
        ]
      },
      "locked": {
        "lastModified": 1785115949,
        "narHash": "sha256-8AM37BfyGaL2v/SZyg4PupRxJ01Y4htvM+WrTjWrPpo=",
        "owner": "pyproject-nix",
        "repo": "build-system-pkgs",
        "rev": "62c0d86027edb1c4f39a5facc09876348144f7c9",
        "type": "github"
      },
      "original": {
        "owner": "pyproject-nix",
        "repo": "build-system-pkgs",
        "type": "github"
      }
    },
    "pyproject-nix": {
      "inputs": {
        "nixpkgs": [
          "NousResearch-hermes-agent",
          "nixpkgs"
        ]
      },
      "locked": {
        "lastModified": 1784591072,
        "narHash": "sha256-zP/WaDxrRu8GANZM61+V2LT/7ycEEdoyLWn7M6WzU7M=",
        "owner": "pyproject-nix",
        "repo": "pyproject.nix",
        "rev": "e3b599ca2e7fcf93d4edf65d7f19bbf6491724f3",
        "type": "github"
      },
      "original": {
        "owner": "pyproject-nix",
        "repo": "pyproject.nix",
        "type": "github"
      }
    },
    "quickshell": {
      "inputs": {
        "nixpkgs": [
          "caelestia-shell",
          "nixpkgs"
        ]
      },
      "locked": {
        "lastModified": 1789461462,
        "narHash": "sha256-J1n+c46qiTmV6gNDqndbhrfDR2R47QLXQNFrf1idTvM=",
        "ref": "refs/heads/master",
        "rev": "c6a516096dd84d5255b409482eb4bf740b952f88",
        "revCount": 860,
        "type": "git",
        "url": "https://git.outfoxxed.me/outfoxxed/quickshell"
      },
      "original": {
        "type": "git",
        "url": "https://git.outfoxxed.me/outfoxxed/quickshell"
      }
    },
    "remotion-dev-skills": {
      "flake": false,
      "locked": {
        "lastModified": 1790061394,
        "narHash": "sha256-BRdhHYm2RW7EPx1ZbJgDu075REuxsQXQXPwJooNpGRM=",
        "owner": "remotion-dev",
        "repo": "skills",
        "rev": "9682e994989f951c75912fbc49aa10332a512685",
        "type": "github"
      },
      "original": {
        "owner": "remotion-dev",
        "repo": "skills",
        "type": "github"
      }
    },
    "root": {
      "inputs": {
        "JimLiu-baoyu-skills": "JimLiu-baoyu-skills",
        "JuliusBrussee-caveman": "JuliusBrussee-caveman",
        "Kotlin-kotlin-agent-skills": "Kotlin-kotlin-agent-skills",
        "Leonxlnx-taste-skill": "Leonxlnx-taste-skill",
        "NousResearch-hermes-agent": "NousResearch-hermes-agent",
        "Xiangyu-CAS-xiaohongshu-ops-skill": "Xiangyu-CAS-xiaohongshu-ops-skill",
        "ZzzLc0405-photo-abstract-editorial": "ZzzLc0405-photo-abstract-editorial",
        "_1password-shell-plugins": "_1password-shell-plugins",
        "abhigyanpatwari-gitnexus": "abhigyanpatwari-gitnexus",
        "android-skills": "android-skills",
        "anthropics-skills": "anthropics-skills",
        "better-auth-skills": "better-auth-skills",
        "binarywang-WxJava": "binarywang-WxJava",
        "caelestia-dots-caelestia": "caelestia-dots-caelestia",
        "caelestia-shell": "caelestia-shell",
        "cathrynlavery-diagram-design": "cathrynlavery-diagram-design",
        "coreyhaines31-marketingskills": "coreyhaines31-marketingskills",
        "dankMaterialShell": "dankMaterialShell",
        "emilkowalski-skills": "emilkowalski-skills",
        "expo-skills": "expo-skills",
        "figma-mcp-server-guide": "figma-mcp-server-guide",
        "gamedev-skills-awesome-gamedev-agent-skills": "gamedev-skills-awesome-gamedev-agent-skills",
        "github-awesome-copilot": "github-awesome-copilot",
        "home-manager": "home-manager_2",
        "iDvel-rime-ice": "iDvel-rime-ice",
        "iOfficeAI-OfficeCLI": "iOfficeAI-OfficeCLI",
        "jetify-com-devbox": "jetify-com-devbox",
        "kadajett-agent-nestjs-skills": "kadajett-agent-nestjs-skills",
        "kepano-obsidian-skills": "kepano-obsidian-skills",
        "liqiha0-lifeos-skills": "liqiha0-lifeos-skills",
        "llm-agents": "llm-agents",
        "mattpocock-skills": "mattpocock-skills",
        "nextlevelbuilder-ui-ux-pro-max-skill": "nextlevelbuilder-ui-ux-pro-max-skill",
        "nixpkgs": "nixpkgs_4",
        "nixvim": "nixvim",
        "noctalia": "noctalia",
        "ogulcancelik-herdr": "ogulcancelik-herdr",
        "openai-skills": "openai-skills",
        "openclaw-acpx": "openclaw-acpx",
        "openclaw-openclaw": "openclaw-openclaw",
        "pbakaus-impeccable": "pbakaus-impeccable",
        "prisma-skills": "prisma-skills",
        "remotion-dev-skills": "remotion-dev-skills",
        "tt-a1i-archify": "tt-a1i-archify",
        "upstash-context7": "upstash-context7",
        "vectorize-io-hindsight": "vectorize-io-hindsight",
        "vercel-labs-agent-browser": "vercel-labs-agent-browser",
        "vercel-labs-agent-skills": "vercel-labs-agent-skills",
        "vercel-labs-next-skills": "vercel-labs-next-skills",
        "vercel-labs-skills": "vercel-labs-skills",
        "wechatpay-apiv3-wechatpay-skills": "wechatpay-apiv3-wechatpay-skills",
        "zen-browser": "zen-browser"
      }
    },
    "rust-overlay": {
      "inputs": {
        "nixpkgs": [
          "ogulcancelik-herdr",
          "nixpkgs"
        ]
      },
      "locked": {
        "lastModified": 1783577481,
        "narHash": "sha256-EWMxOWrJ031f8f/lrcEmhTRs4npw1/5N3Hcjin846c8=",
        "owner": "oxalica",
        "repo": "rust-overlay",
        "rev": "4cdea398dc491b082dccdce0fad1ed0b75fa3394",
        "type": "github"
      },
      "original": {
        "owner": "oxalica",
        "repo": "rust-overlay",
        "type": "github"
      }
    },
    "systems": {
      "locked": {
        "lastModified": 1681028828,
        "narHash": "sha256-Vy1rq5AaRuLzOxct8nz4T6wlgyUR7zLU309k9mBC768=",
        "owner": "nix-systems",
        "repo": "default",
        "rev": "da67096a3b9bf56a91d16901293e51ba5b49a27e",
        "type": "github"
      },
      "original": {
        "owner": "nix-systems",
        "repo": "default",
        "type": "github"
      }
    },
    "systems_2": {
      "locked": {
        "lastModified": 1681028828,
        "narHash": "sha256-Vy1rq5AaRuLzOxct8nz4T6wlgyUR7zLU309k9mBC768=",
        "owner": "nix-systems",
        "repo": "default",
        "rev": "da67096a3b9bf56a91d16901293e51ba5b49a27e",
        "type": "github"
      },
      "original": {
        "owner": "nix-systems",
        "repo": "default",
        "type": "github"
      }
    },
    "systems_3": {
      "flake": false,
      "locked": {
        "lastModified": 1774449309,
        "narHash": "sha256-brhZ8DmuGtzkCYHJg4HEd602amKm89Y9ytsFZ5uWD1w=",
        "owner": "nix-systems",
        "repo": "default",
        "rev": "c29398b59d2048c4ab79345812849c9bd15e9150",
        "type": "github"
      },
      "original": {
        "owner": "nix-systems",
        "ref": "future-26.11",
        "repo": "default",
        "type": "github"
      }
    },
    "treefmt-nix": {
      "inputs": {
        "nixpkgs": [
          "llm-agents",
          "nixpkgs"
        ]
      },
      "locked": {
        "lastModified": 1786901030,
        "narHash": "sha256-WSFCsDSE5ffgD2MqzkM2CYjeFiKhRF/dJUN8uedb6YE=",
        "owner": "numtide",
        "repo": "treefmt-nix",
        "rev": "27b3b12a8e6375f28ebe122f07d230ca5459bbfa",
        "type": "github"
      },
      "original": {
        "owner": "numtide",
        "repo": "treefmt-nix",
        "type": "github"
      }
    },
    "tt-a1i-archify": {
      "flake": false,
      "locked": {
        "lastModified": 1790163948,
        "narHash": "sha256-YGaj0MvkmBHgK3WdYFHdNmQeJlS1soRe5uO4vzfHCq8=",
        "owner": "tt-a1i",
        "repo": "archify",
        "rev": "9e35d2b0b39b155553ba9fcfe0b4f2a5198dd993",
        "type": "github"
      },
      "original": {
        "owner": "tt-a1i",
        "repo": "archify",
        "type": "github"
      }
    },
    "upstash-context7": {
      "flake": false,
      "locked": {
        "lastModified": 1790172652,
        "narHash": "sha256-kgJGxgGKTXCZ7xP03+NZ73Md1Y48nhucLFHuUddvhjc=",
        "owner": "upstash",
        "repo": "context7",
        "rev": "6cbdb49c407eb7168482fd840540f09e9c5abc40",
        "type": "github"
      },
      "original": {
        "owner": "upstash",
        "repo": "context7",
        "type": "github"
      }
    },
    "uv2nix": {
      "inputs": {
        "nixpkgs": [
          "NousResearch-hermes-agent",
          "nixpkgs"
        ],
        "pyproject-nix": [
          "NousResearch-hermes-agent",
          "pyproject-nix"
        ]
      },
      "locked": {
        "lastModified": 1785277507,
        "narHash": "sha256-9Tq3UDX2hD/aveW/HvkBlAmEwJTOlY5HQXJM+L5BGmE=",
        "owner": "pyproject-nix",
        "repo": "uv2nix",
        "rev": "5a836d395cbf5fc22670eb98dd4aa4fc4d406977",
        "type": "github"
      },
      "original": {
        "owner": "pyproject-nix",
        "repo": "uv2nix",
        "type": "github"
      }
    },
    "vectorize-io-hindsight": {
      "flake": false,
      "locked": {
        "lastModified": 1790183971,
        "narHash": "sha256-+Ede5wV7z8n5oAZ2tTnw9zkzVIZP6p2FET0KA48kdCE=",
        "owner": "vectorize-io",
        "repo": "hindsight",
        "rev": "a7eafb2f395b3c905e9e577da691414d3ca8d08c",
        "type": "github"
      },
      "original": {
        "owner": "vectorize-io",
        "repo": "hindsight",
        "type": "github"
      }
    },
    "vercel-labs-agent-browser": {
      "flake": false,
      "locked": {
        "lastModified": 1790085002,
        "narHash": "sha256-QJwKiWbFh2lLXDhpEvWq02aqhbneRgqi9DTdO+/4Js0=",
        "owner": "vercel-labs",
        "repo": "agent-browser",
        "rev": "d01253d9db28d75080e36da3c1c31ef89454731e",
        "type": "github"
      },
      "original": {
        "owner": "vercel-labs",
        "repo": "agent-browser",
        "type": "github"
      }
    },
    "vercel-labs-agent-skills": {
      "flake": false,
      "locked": {
        "lastModified": 1787924167,
        "narHash": "sha256-tTSJf53OQltUfxTH4hdqcnw5ywCjCZP8/JqQ593cyB8=",
        "owner": "vercel-labs",
        "repo": "agent-skills",
        "rev": "063bee94c3f4df8453406c830b0a7df0f2860278",
        "type": "github"
      },
      "original": {
        "owner": "vercel-labs",
        "repo": "agent-skills",
        "type": "github"
      }
    },
    "vercel-labs-next-skills": {
      "flake": false,
      "locked": {
        "lastModified": 1789590721,
        "narHash": "sha256-DUlVuRuaJJqJ9Uvl3F9G6NvYwZrTEKwEa/O7l4XFqRc=",
        "owner": "vercel-labs",
        "repo": "next-skills",
        "rev": "c522619e45aa3492fd2bfc916b308b275eff7798",
        "type": "github"
      },
      "original": {
        "owner": "vercel-labs",
        "repo": "next-skills",
        "type": "github"
      }
    },
    "vercel-labs-skills": {
      "flake": false,
      "locked": {
        "lastModified": 1789657217,
        "narHash": "sha256-/B2el3+KYXohGCM4JaHl2EUx1c6mlYdUNrWiE0z/7lA=",
        "owner": "vercel-labs",
        "repo": "skills",
        "rev": "7407f3893ad4dceab546ac002c3ef806e4000c73",
        "type": "github"
      },
      "original": {
        "owner": "vercel-labs",
        "repo": "skills",
        "type": "github"
      }
    },
    "wechatpay-apiv3-wechatpay-skills": {
      "flake": false,
      "locked": {
        "lastModified": 1789892676,
        "narHash": "sha256-X2SsaFzpEz3TR7EoRnDaaKvUfKuICLIrDzj1z7x7Dhg=",
        "owner": "wechatpay-apiv3",
        "repo": "wechatpay-skills",
        "rev": "9df6ba49f6f394f47ca1ee68bf9517d000b2c9d9",
        "type": "github"
      },
      "original": {
        "owner": "wechatpay-apiv3",
        "repo": "wechatpay-skills",
        "type": "github"
      }
    },
    "zen-browser": {
      "inputs": {
        "home-manager": "home-manager_3",
        "nixpkgs": [
          "nixpkgs"
        ]
      },
      "locked": {
        "lastModified": 1790160881,
        "narHash": "sha256-VTHBBI0EvApXSssCthrYLsrGN4/0nM/tW9A17NEmKEU=",
        "owner": "0xc000022070",
        "repo": "zen-browser-flake",
        "rev": "1b16ef2b81078b5f363e6bb689d2193f8eccadb7",
        "type": "github"
      },
      "original": {
        "owner": "0xc000022070",
        "repo": "zen-browser-flake",
        "type": "github"
      }
    }
  },
  "root": "root",
  "version": 7
}
